
Microsoft Visual Studio Solution File, Format Version 11.00
# Visual Studio 2010
Project("{FAE04EC0-301F-11D3-BF4B-00C04F79EFBC}") = "GreedKata", "GreedKata\GreedKata.csproj", "{25F0F1C8-D491-421E-906E-9E4E0191DA35}"
EndProject
Global
	GlobalSection(SolutionConfigurationPlatforms) = preSolution
		Debug|Any CPU = Debug|Any CPU
		Release|Any CPU = Release|Any CPU
	EndGlobalSection
	GlobalSection(ProjectConfigurationPlatforms) = postSolution
		{25F0F1C8-D491-421E-906E-9E4E0191DA35}.Debug|Any CPU.ActiveCfg = Debug|Any CPU
		{25F0F1C8-D491-421E-906E-9E4E0191DA35}.Debug|Any CPU.Build.0 = Debug|Any CPU
		{25F0F1C8-D491-421E-906E-9E4E0191DA35}.Release|Any CPU.ActiveCfg = Release|Any CPU
		{25F0F1C8-D491-421E-906E-9E4E0191DA35}.Release|Any CPU.Build.0 = Release|Any CPU
	EndGlobalSection
	GlobalSection(SolutionProperties) = preSolution
		HideSolutionNode = FALSE
	EndGlobalSection
EndGlobal
